<?xml version="1.0" encoding="utf-8"?>
<Project ToolsVersion="4.0" xmlns="http://schemas.microsoft.com/developer/msbuild/2003">
  <ItemGroup>
    <Filter Include="Source Files">
      <UniqueIdentifier>{4FC737F1-C7A5-4376-A066-2A32D752A2FF}</UniqueIdentifier>
      <Extensions>cpp;cxx;c;def</Extensions>
    </Filter>
    <Filter Include="Header Files">
      <UniqueIdentifier>{93995380-89BD-4b04-88EB-625FBE52EBFB}</UniqueIdentifier>
      <Extensions>h</Extensions>
    </Filter>
    <Filter Include="Form Files">
      <UniqueIdentifier>{99349809-55BA-4b9d-BF79-8FDBB0286EB3}</UniqueIdentifier>
      <Extensions>ui</Extensions>
    </Filter>
    <Filter Include="Resource Files">
      <UniqueIdentifier>{D9D6E242-F8AF-46E4-B9FD-80ECBC20BA3E}</UniqueIdentifier>
      <Extensions>qrc;*</Extensions>
      <ParseFiles>false</ParseFiles>
    </Filter>
    <Filter Include="Generated Files">
      <UniqueIdentifier>{71ED8ED8-ACB9-4CE9-BBE1-E00B30144E11}</UniqueIdentifier>
      <Extensions>moc;h;cpp</Extensions>
      <SourceControlFiles>False</SourceControlFiles>
    </Filter>
    <Filter Include="Generated Files\Debug">
      <UniqueIdentifier>{589179bc-df1f-4f0e-8acd-f068c143cd52}</UniqueIdentifier>
      <Extensions>cpp;moc</Extensions>
      <SourceControlFiles>False</SourceControlFiles>
    </Filter>
    <Filter Include="Generated Files\Release">
      <UniqueIdentifier>{769d732f-72e7-4389-ab15-8492b46ad3f9}</UniqueIdentifier>
      <Extensions>cpp;moc</Extensions>
      <SourceControlFiles>False</SourceControlFiles>
    </Filter>
    <Filter Include="Header Files\Wedget">
      <UniqueIdentifier>{a30d94ec-ddb5-4058-becf-9abe4f67a371}</UniqueIdentifier>
    </Filter>
    <Filter Include="Source Files\Wedget">
      <UniqueIdentifier>{e3508b1b-c1f0-4244-94d6-7d7980cc879c}</UniqueIdentifier>
    </Filter>
    <Filter Include="Header Files\Helper">
      <UniqueIdentifier>{3bfd3a68-7240-448f-a3c0-afafa2635b07}</UniqueIdentifier>
    </Filter>
    <Filter Include="Source Files\Helper">
      <UniqueIdentifier>{d1ce8078-434d-438c-aa49-6f72b430a25b}</UniqueIdentifier>
    </Filter>
    <Filter Include="Header Files\Model">
      <UniqueIdentifier>{1a91c243-954c-4106-853a-33cc4c15d517}</UniqueIdentifier>
    </Filter>
    <Filter Include="Source Files\Model">
      <UniqueIdentifier>{a1aa0ce0-4e48-44b9-b553-cdd6f3a8c6f0}</UniqueIdentifier>
    </Filter>
  </ItemGroup>
  <ItemGroup>
    <ClCompile Include="main.cpp">
      <Filter>Source Files</Filter>
    </ClCompile>
    <ClCompile Include="GeneratedFiles\qrc_lnnunetworkhelper.cpp">
      <Filter>Generated Files</Filter>
    </ClCompile>
    <ClCompile Include="GeneratedFiles\Release\moc_HttpOp.cpp">
      <Filter>Generated Files\Release</Filter>
    </ClCompile>
    <ClCompile Include="LnnuClass.cpp">
      <Filter>Source Files\Wedget</Filter>
    </ClCompile>
    <ClCompile Include="NetClass.cpp">
      <Filter>Source Files\Wedget</Filter>
    </ClCompile>
    <ClCompile Include="IlnClass.cpp">
      <Filter>Source Files\Wedget</Filter>
    </ClCompile>
    <ClCompile Include="GeneratedFiles\Debug\moc_NetClass.cpp">
      <Filter>Generated Files\Debug</Filter>
    </ClCompile>
    <ClCompile Include="GeneratedFiles\Release\moc_NetClass.cpp">
      <Filter>Generated Files\Release</Filter>
    </ClCompile>
    <ClCompile Include="GeneratedFiles\Debug\moc_HttpOp.cpp">
      <Filter>Generated Files\Debug</Filter>
    </ClCompile>
    <ClCompile Include="GeneratedFiles\Debug\moc_IlnClass.cpp">
      <Filter>Generated Files\Debug</Filter>
    </ClCompile>
    <ClCompile Include="GeneratedFiles\Release\moc_IlnClass.cpp">
      <Filter>Generated Files\Release</Filter>
    </ClCompile>
    <ClCompile Include="GeneratedFiles\Debug\moc_LnnuClass.cpp">
      <Filter>Generated Files\Debug</Filter>
    </ClCompile>
    <ClCompile Include="GeneratedFiles\Release\moc_LnnuClass.cpp">
      <Filter>Generated Files\Release</Filter>
    </ClCompile>
    <ClCompile Include="GeneratedFiles\Debug\moc_MainWin.cpp">
      <Filter>Generated Files\Debug</Filter>
    </ClCompile>
    <ClCompile Include="GeneratedFiles\Release\moc_MainWin.cpp">
      <Filter>Generated Files\Release</Filter>
    </ClCompile>
    <ClCompile Include="MainWin.cpp">
      <Filter>Source Files</Filter>
    </ClCompile>
    <ClCompile Include="HttpOp.cpp">
      <Filter>Source Files\Helper</Filter>
    </ClCompile>
    <ClCompile Include="JsonHelper.cpp">
      <Filter>Source Files\Helper</Filter>
    </ClCompile>
    <ClCompile Include="NetWorkHelper.cpp">
      <Filter>Source Files\Helper</Filter>
    </ClCompile>
    <ClCompile Include="SQLiteDB.cpp">
      <Filter>Source Files\Helper</Filter>
    </ClCompile>
    <ClCompile Include="GeneratedFiles\Debug\moc_AboutClass.cpp">
      <Filter>Generated Files\Debug</Filter>
    </ClCompile>
    <ClCompile Include="GeneratedFiles\Release\moc_AboutClass.cpp">
      <Filter>Generated Files\Release</Filter>
    </ClCompile>
    <ClCompile Include="Keyword.cpp">
      <Filter>Source Files</Filter>
    </ClCompile>
    <ClCompile Include="CmccClass.cpp">
      <Filter>Source Files\Wedget</Filter>
    </ClCompile>
    <ClCompile Include="GeneratedFiles\Debug\moc_CmccClass.cpp">
      <Filter>Generated Files\Debug</Filter>
    </ClCompile>
    <ClCompile Include="GeneratedFiles\Release\moc_CmccClass.cpp">
      <Filter>Generated Files\Release</Filter>
    </ClCompile>
    <ClCompile Include="AboutClass.cpp">
      <Filter>Source Files\Wedget</Filter>
    </ClCompile>
    <ClCompile Include="UserModel.cpp">
      <Filter>Source Files\Model</Filter>
    </ClCompile>
    <ClCompile Include="CardModel.cpp">
      <Filter>Source Files\Model</Filter>
    </ClCompile>
  </ItemGroup>
  <ItemGroup>
    <CustomBuild Include="lnnunetworkhelper.qrc">
      <Filter>Resource Files</Filter>
    </CustomBuild>
    <CustomBuild Include="NetClass.h">
      <Filter>Header Files\Wedget</Filter>
    </CustomBuild>
    <CustomBuild Include="IlnClass.h">
      <Filter>Header Files\Wedget</Filter>
    </CustomBuild>
    <CustomBuild Include="LnnuClass.h">
      <Filter>Header Files\Wedget</Filter>
    </CustomBuild>
    <CustomBuild Include="ilnui.ui">
      <Filter>Form Files</Filter>
    </CustomBuild>
    <CustomBuild Include="lnnuui.ui">
      <Filter>Form Files</Filter>
    </CustomBuild>
    <CustomBuild Include="mainwin.ui">
      <Filter>Form Files</Filter>
    </CustomBuild>
    <CustomBuild Include="MainWin.h">
      <Filter>Header Files</Filter>
    </CustomBuild>
    <CustomBuild Include="HttpOp.h">
      <Filter>Header Files\Helper</Filter>
    </CustomBuild>
    <CustomBuild Include="about.ui">
      <Filter>Form Files</Filter>
    </CustomBuild>
    <CustomBuild Include="ilncard.ui">
      <Filter>Form Files</Filter>
    </CustomBuild>
    <CustomBuild Include="lnnupaypackage.ui">
      <Filter>Form Files</Filter>
    </CustomBuild>
    <CustomBuild Include="cmccweb.ui">
      <Filter>Form Files</Filter>
    </CustomBuild>
    <CustomBuild Include="ilnservice.ui">
      <Filter>Form Files</Filter>
    </CustomBuild>
    <CustomBuild Include="CmccClass.h">
      <Filter>Header Files\Wedget</Filter>
    </CustomBuild>
    <CustomBuild Include="AboutClass.h">
      <Filter>Header Files\Wedget</Filter>
    </CustomBuild>
  </ItemGroup>
  <ItemGroup>
    <ClInclude Include="GeneratedFiles\ui_ilnui.h">
      <Filter>Generated Files</Filter>
    </ClInclude>
    <ClInclude Include="GeneratedFiles\ui_lnnuui.h">
      <Filter>Generated Files</Filter>
    </ClInclude>
    <ClInclude Include="GeneratedFiles\ui_mainwin.h">
      <Filter>Generated Files</Filter>
    </ClInclude>
    <ClInclude Include="Encryption.h">
      <Filter>Header Files\Helper</Filter>
    </ClInclude>
    <ClInclude Include="JsonHelper.h">
      <Filter>Header Files\Helper</Filter>
    </ClInclude>
    <ClInclude Include="NetWorkHelper.h">
      <Filter>Header Files\Helper</Filter>
    </ClInclude>
    <ClInclude Include="resource.h">
      <Filter>Header Files\Helper</Filter>
    </ClInclude>
    <ClInclude Include="GeneratedFiles\ui_about.h">
      <Filter>Generated Files</Filter>
    </ClInclude>
    <ClInclude Include="Keyword.h">
      <Filter>Header Files</Filter>
    </ClInclude>
    <ClInclude Include="GeneratedFiles\ui_ilncard.h">
      <Filter>Generated Files</Filter>
    </ClInclude>
    <ClInclude Include="GeneratedFiles\ui_lnnupaypackage.h">
      <Filter>Generated Files</Filter>
    </ClInclude>
    <ClInclude Include="GeneratedFiles\ui_cmccweb.h">
      <Filter>Generated Files</Filter>
    </ClInclude>
    <ClInclude Include="GeneratedFiles\ui_ilnservice.h">
      <Filter>Generated Files</Filter>
    </ClInclude>
    <ClInclude Include="UserModel.h">
      <Filter>Header Files\Model</Filter>
    </ClInclude>
    <ClInclude Include="SQLiteDB.h">
      <Filter>Header Files\Helper</Filter>
    </ClInclude>
    <ClInclude Include="CardModel.h">
      <Filter>Header Files\Model</Filter>
    </ClInclude>
  </ItemGroup>
  <ItemGroup>
    <ResourceCompile Include="LnnuNetworkHelper.rc" />
  </ItemGroup>
  <ItemGroup>
    <Image Include="Network.ico" />
  </ItemGroup>
  <ItemGroup>
    <None Include="ClassDiagram.cd" />
  </ItemGroup>
</Project>